// !$*UTF8*$!
{
	archiveVersion = 1;
	classes = {
	};
	objectVersion = 56;
	objects = {

/* Begin PBXBuildFile section */
		AE091B8B2C58AC4C000989E4 /* AppDelegate.swift in Sources */ = {isa = PBXBuildFile; fileRef = AE091B8A2C58AC4C000989E4 /* AppDelegate.swift */; };
		AE091B8D2C58AC4C000989E4 /* SceneDelegate.swift in Sources */ = {isa = PBXBuildFile; fileRef = AE091B8C2C58AC4C000989E4 /* SceneDelegate.swift */; };
		AE091B922C58AC4C000989E4 /* Main.storyboard in Resources */ = {isa = PBXBuildFile; fileRef = AE091B902C58AC4C000989E4 /* Main.storyboard */; };
		AE091B952C58AC4C000989E4 /* codingTask.xcdatamodeld in Sources */ = {isa = PBXBuildFile; fileRef = AE091B932C58AC4C000989E4 /* codingTask.xcdatamodeld */; };
		AE091B9A2C58AC4D000989E4 /* LaunchScreen.storyboard in Resources */ = {isa = PBXBuildFile; fileRef = AE091B982C58AC4D000989E4 /* LaunchScreen.storyboard */; };
		AE091BA52C58AC4D000989E4 /* codingTaskTests.swift in Sources */ = {isa = PBXBuildFile; fileRef = AE091BA42C58AC4D000989E4 /* codingTaskTests.swift */; };
		AE091BAF2C58AC4D000989E4 /* codingTaskUITests.swift in Sources */ = {isa = PBXBuildFile; fileRef = AE091BAE2C58AC4D000989E4 /* codingTaskUITests.swift */; };
		AE091BB12C58AC4D000989E4 /* codingTaskUITestsLaunchTests.swift in Sources */ = {isa = PBXBuildFile; fileRef = AE091BB02C58AC4D000989E4 /* codingTaskUITestsLaunchTests.swift */; };
		AE091BC22C58ACE7000989E4 /* Helper.swift in Sources */ = {isa = PBXBuildFile; fileRef = AE091BC12C58ACE7000989E4 /* Helper.swift */; };
		AE091BC42C58ACF7000989E4 /* MenuModel.swift in Sources */ = {isa = PBXBuildFile; fileRef = AE091BC32C58ACF7000989E4 /* MenuModel.swift */; };
		AE091BC62C58AD57000989E4 /* MainViewModel.swift in Sources */ = {isa = PBXBuildFile; fileRef = AE091BC52C58AD57000989E4 /* MainViewModel.swift */; };
		AE091BC82C58AD65000989E4 /* ServiceFile.swift in Sources */ = {isa = PBXBuildFile; fileRef = AE091BC72C58AD65000989E4 /* ServiceFile.swift */; };
		AE53EB482C58C9D500D3D9B2 /* UIView-Shimmer in Frameworks */ = {isa = PBXBuildFile; productRef = AE53EB472C58C9D500D3D9B2 /* UIView-Shimmer */; };
		AE53EB542C58D16B00D3D9B2 /* cardViewController.swift in Sources */ = {isa = PBXBuildFile; fileRef = AE53EB532C58D16B00D3D9B2 /* cardViewController.swift */; };
		AE53EB5B2C58EB3A00D3D9B2 /* foodViewController.swift in Sources */ = {isa = PBXBuildFile; fileRef = AE53EB5A2C58EB3A00D3D9B2 /* foodViewController.swift */; };
		AE53EB5D2C58EB4800D3D9B2 /* juiceViewController.swift in Sources */ = {isa = PBXBuildFile; fileRef = AE53EB5C2C58EB4800D3D9B2 /* juiceViewController.swift */; };
		AE53EB612C58F5AF00D3D9B2 /* CategoryViewController.swift in Sources */ = {isa = PBXBuildFile; fileRef = AE53EB602C58F5AF00D3D9B2 /* CategoryViewController.swift */; };
		AE53EB642C58F63000D3D9B2 /* CatagoryTableViewCell.swift in Sources */ = {isa = PBXBuildFile; fileRef = AE53EB622C58F63000D3D9B2 /* CatagoryTableViewCell.swift */; };
		AE53EB652C58F63000D3D9B2 /* CatagoryTableViewCell.xib in Resources */ = {isa = PBXBuildFile; fileRef = AE53EB632C58F63000D3D9B2 /* CatagoryTableViewCell.xib */; };
		AE6727382C639410001F0A39 /* CategoryCollectionViewCell.swift in Sources */ = {isa = PBXBuildFile; fileRef = AE6727362C639410001F0A39 /* CategoryCollectionViewCell.swift */; };
		AE6727392C639410001F0A39 /* CategoryCollectionViewCell.xib in Resources */ = {isa = PBXBuildFile; fileRef = AE6727372C639410001F0A39 /* CategoryCollectionViewCell.xib */; };
		AED59DB52C58B940008D0F24 /* Alamofire in Frameworks */ = {isa = PBXBuildFile; productRef = AED59DB42C58B940008D0F24 /* Alamofire */; };
		AED59DB72C58B940008D0F24 /* AlamofireDynamic in Frameworks */ = {isa = PBXBuildFile; productRef = AED59DB62C58B940008D0F24 /* AlamofireDynamic */; };
		AED59DBA2C58B956008D0F24 /* NVActivityIndicatorView in Frameworks */ = {isa = PBXBuildFile; productRef = AED59DB92C58B956008D0F24 /* NVActivityIndicatorView */; };
		AED59DBC2C58B956008D0F24 /* NVActivityIndicatorViewExtended in Frameworks */ = {isa = PBXBuildFile; productRef = AED59DBB2C58B956008D0F24 /* NVActivityIndicatorViewExtended */; };
		AED59DC02C58BA81008D0F24 /* LZViewPager in Frameworks */ = {isa = PBXBuildFile; productRef = AED59DBF2C58BA81008D0F24 /* LZViewPager */; };
		AEE09BD62C5CF50F00F0EB15 /* Assets.xcassets in Resources */ = {isa = PBXBuildFile; fileRef = AEE09BD52C5CF50F00F0EB15 /* Assets.xcassets */; };
/* End PBXBuildFile section */

/* Begin PBXContainerItemProxy section */
		AE091BA12C58AC4D000989E4 /* PBXContainerItemProxy */ = {
			isa = PBXContainerItemProxy;
			containerPortal = AE091B7F2C58AC4C000989E4 /* Project object */;
			proxyType = 1;
			remoteGlobalIDString = AE091B862C58AC4C000989E4;
			remoteInfo = codingTask;
		};
		AE091BAB2C58AC4D000989E4 /* PBXContainerItemProxy */ = {
			isa = PBXContainerItemProxy;
			containerPortal = AE091B7F2C58AC4C000989E4 /* Project object */;
			proxyType = 1;
			remoteGlobalIDString = AE091B862C58AC4C000989E4;
			remoteInfo = codingTask;
		};
/* End PBXContainerItemProxy section */

/* Begin PBXFileReference section */
		AE091B872C58AC4C000989E4 /* codingTask.app */ = {isa = PBXFileReference; explicitFileType = wrapper.application; includeInIndex = 0; path = codingTask.app; sourceTree = BUILT_PRODUCTS_DIR; };
		AE091B8A2C58AC4C000989E4 /* AppDelegate.swift */ = {isa = PBXFileReference; lastKnownFileType = sourcecode.swift; path = AppDelegate.swift; sourceTree = "<group>"; };
		AE091B8C2C58AC4C000989E4 /* SceneDelegate.swift */ = {isa = PBXFileReference; lastKnownFileType = sourcecode.swift; path = SceneDelegate.swift; sourceTree = "<group>"; };
		AE091B912C58AC4C000989E4 /* Base */ = {isa = PBXFileReference; lastKnownFileType = file.storyboard; name = Base; path = Base.lproj/Main.storyboard; sourceTree = "<group>"; };
		AE091B942C58AC4C000989E4 /* codingTask.xcdatamodel */ = {isa = PBXFileReference; lastKnownFileType = wrapper.xcdatamodel; path = codingTask.xcdatamodel; sourceTree = "<group>"; };
		AE091B992C58AC4D000989E4 /* Base */ = {isa = PBXFileReference; lastKnownFileType = file.storyboard; name = Base; path = Base.lproj/LaunchScreen.storyboard; sourceTree = "<group>"; };
		AE091B9B2C58AC4D000989E4 /* Info.plist */ = {isa = PBXFileReference; lastKnownFileType = text.plist.xml; path = Info.plist; sourceTree = "<group>"; };
		AE091BA02C58AC4D000989E4 /* codingTaskTests.xctest */ = {isa = PBXFileReference; explicitFileType = wrapper.cfbundle; includeInIndex = 0; path = codingTaskTests.xctest; sourceTree = BUILT_PRODUCTS_DIR; };
		AE091BA42C58AC4D000989E4 /* codingTaskTests.swift */ = {isa = PBXFileReference; lastKnownFileType = sourcecode.swift; path = codingTaskTests.swift; sourceTree = "<group>"; };
		AE091BAA2C58AC4D000989E4 /* codingTaskUITests.xctest */ = {isa = PBXFileReference; explicitFileType = wrapper.cfbundle; includeInIndex = 0; path = codingTaskUITests.xctest; sourceTree = BUILT_PRODUCTS_DIR; };
		AE091BAE2C58AC4D000989E4 /* codingTaskUITests.swift */ = {isa = PBXFileReference; lastKnownFileType = sourcecode.swift; path = codingTaskUITests.swift; sourceTree = "<group>"; };
		AE091BB02C58AC4D000989E4 /* codingTaskUITestsLaunchTests.swift */ = {isa = PBXFileReference; lastKnownFileType = sourcecode.swift; path = codingTaskUITestsLaunchTests.swift; sourceTree = "<group>"; };
		AE091BC12C58ACE7000989E4 /* Helper.swift */ = {isa = PBXFileReference; lastKnownFileType = sourcecode.swift; path = Helper.swift; sourceTree = "<group>"; };
		AE091BC32C58ACF7000989E4 /* MenuModel.swift */ = {isa = PBXFileReference; lastKnownFileType = sourcecode.swift; path = MenuModel.swift; sourceTree = "<group>"; };
		AE091BC52C58AD57000989E4 /* MainViewModel.swift */ = {isa = PBXFileReference; lastKnownFileType = sourcecode.swift; path = MainViewModel.swift; sourceTree = "<group>"; };
		AE091BC72C58AD65000989E4 /* ServiceFile.swift */ = {isa = PBXFileReference; lastKnownFileType = sourcecode.swift; path = ServiceFile.swift; sourceTree = "<group>"; };
		AE53EB532C58D16B00D3D9B2 /* cardViewController.swift */ = {isa = PBXFileReference; fileEncoding = 4; lastKnownFileType = sourcecode.swift; path = cardViewController.swift; sourceTree = "<group>"; };
		AE53EB5A2C58EB3A00D3D9B2 /* foodViewController.swift */ = {isa = PBXFileReference; lastKnownFileType = sourcecode.swift; path = foodViewController.swift; sourceTree = "<group>"; };
		AE53EB5C2C58EB4800D3D9B2 /* juiceViewController.swift */ = {isa = PBXFileReference; lastKnownFileType = sourcecode.swift; path = juiceViewController.swift; sourceTree = "<group>"; };
		AE53EB602C58F5AF00D3D9B2 /* CategoryViewController.swift */ = {isa = PBXFileReference; lastKnownFileType = sourcecode.swift; path = CategoryViewController.swift; sourceTree = "<group>"; };
		AE53EB622C58F63000D3D9B2 /* CatagoryTableViewCell.swift */ = {isa = PBXFileReference; lastKnownFileType = sourcecode.swift; path = CatagoryTableViewCell.swift; sourceTree = "<group>"; };
		AE53EB632C58F63000D3D9B2 /* CatagoryTableViewCell.xib */ = {isa = PBXFileReference; lastKnownFileType = file.xib; path = CatagoryTableViewCell.xib; sourceTree = "<group>"; };
		AE6727362C639410001F0A39 /* CategoryCollectionViewCell.swift */ = {isa = PBXFileReference; lastKnownFileType = sourcecode.swift; path = CategoryCollectionViewCell.swift; sourceTree = "<group>"; };
		AE6727372C639410001F0A39 /* CategoryCollectionViewCell.xib */ = {isa = PBXFileReference; lastKnownFileType = file.xib; path = CategoryCollectionViewCell.xib; sourceTree = "<group>"; };
		AEE09BD52C5CF50F00F0EB15 /* Assets.xcassets */ = {isa = PBXFileReference; lastKnownFileType = folder.assetcatalog; path = Assets.xcassets; sourceTree = "<group>"; };
/* End PBXFileReference section */

/* Begin PBXFrameworksBuildPhase section */
		AE091B842C58AC4C000989E4 /* Frameworks */ = {
			isa = PBXFrameworksBuildPhase;
			buildActionMask = 2147483647;
			files = (
				AED59DB52C58B940008D0F24 /* Alamofire in Frameworks */,
				AE53EB482C58C9D500D3D9B2 /* UIView-Shimmer in Frameworks */,
				AED59DC02C58BA81008D0F24 /* LZViewPager in Frameworks */,
				AED59DBC2C58B956008D0F24 /* NVActivityIndicatorViewExtended in Frameworks */,
				AED59DB72C58B940008D0F24 /* AlamofireDynamic in Frameworks */,
				AED59DBA2C58B956008D0F24 /* NVActivityIndicatorView in Frameworks */,
			);
			runOnlyForDeploymentPostprocessing = 0;
		};
		AE091B9D2C58AC4D000989E4 /* Frameworks */ = {
			isa = PBXFrameworksBuildPhase;
			buildActionMask = 2147483647;
			files = (
			);
			runOnlyForDeploymentPostprocessing = 0;
		};
		AE091BA72C58AC4D000989E4 /* Frameworks */ = {
			isa = PBXFrameworksBuildPhase;
			buildActionMask = 2147483647;
			files = (
			);
			runOnlyForDeploymentPostprocessing = 0;
		};
/* End PBXFrameworksBuildPhase section */

/* Begin PBXGroup section */
		AE091B7E2C58AC4C000989E4 = {
			isa = PBXGroup;
			children = (
				AE091B892C58AC4C000989E4 /* codingTask */,
				AE091BA32C58AC4D000989E4 /* codingTaskTests */,
				AE091BAD2C58AC4D000989E4 /* codingTaskUITests */,
				AE091B882C58AC4C000989E4 /* Products */,
			);
			sourceTree = "<group>";
		};
		AE091B882C58AC4C000989E4 /* Products */ = {
			isa = PBXGroup;
			children = (
				AE091B872C58AC4C000989E4 /* codingTask.app */,
				AE091BA02C58AC4D000989E4 /* codingTaskTests.xctest */,
				AE091BAA2C58AC4D000989E4 /* codingTaskUITests.xctest */,
			);
			name = Products;
			sourceTree = "<group>";
		};
		AE091B892C58AC4C000989E4 /* codingTask */ = {
			isa = PBXGroup;
			children = (
				AE091BBD2C58AC65000989E4 /* Model */,
				AE091BBE2C58AC72000989E4 /* View */,
				AE091BBF2C58AC80000989E4 /* ViewModel */,
				AE091BC02C58AC8F000989E4 /* Extras */,
				AE091B8A2C58AC4C000989E4 /* AppDelegate.swift */,
				AE091B8C2C58AC4C000989E4 /* SceneDelegate.swift */,
				AEE09BD52C5CF50F00F0EB15 /* Assets.xcassets */,
				AE091B982C58AC4D000989E4 /* LaunchScreen.storyboard */,
				AE091B9B2C58AC4D000989E4 /* Info.plist */,
				AE091B932C58AC4C000989E4 /* codingTask.xcdatamodeld */,
			);
			path = codingTask;
			sourceTree = "<group>";
		};
		AE091BA32C58AC4D000989E4 /* codingTaskTests */ = {
			isa = PBXGroup;
			children = (
				AE091BA42C58AC4D000989E4 /* codingTaskTests.swift */,
			);
			path = codingTaskTests;
			sourceTree = "<group>";
		};
		AE091BAD2C58AC4D000989E4 /* codingTaskUITests */ = {
			isa = PBXGroup;
			children = (
				AE091BAE2C58AC4D000989E4 /* codingTaskUITests.swift */,
				AE091BB02C58AC4D000989E4 /* codingTaskUITestsLaunchTests.swift */,
			);
			path = codingTaskUITests;
			sourceTree = "<group>";
		};
		AE091BBD2C58AC65000989E4 /* Model */ = {
			isa = PBXGroup;
			children = (
				AE091BC12C58ACE7000989E4 /* Helper.swift */,
				AE091BC32C58ACF7000989E4 /* MenuModel.swift */,
			);
			path = Model;
			sourceTree = "<group>";
		};
		AE091BBE2C58AC72000989E4 /* View */ = {
			isa = PBXGroup;
			children = (
				AE62569D2C61E29600FAB8D8 /* CollectionViewCell */,
				AE53EB662C58F63F00D3D9B2 /* TableViewCell */,
				AED59DBD2C58B9B4008D0F24 /* ViewController */,
				AE091B902C58AC4C000989E4 /* Main.storyboard */,
			);
			path = View;
			sourceTree = "<group>";
		};
		AE091BBF2C58AC80000989E4 /* ViewModel */ = {
			isa = PBXGroup;
			children = (
				AE091BC52C58AD57000989E4 /* MainViewModel.swift */,
				AE091BC72C58AD65000989E4 /* ServiceFile.swift */,
			);
			path = ViewModel;
			sourceTree = "<group>";
		};
		AE091BC02C58AC8F000989E4 /* Extras */ = {
			isa = PBXGroup;
			children = (
			);
			path = Extras;
			sourceTree = "<group>";
		};
		AE53EB662C58F63F00D3D9B2 /* TableViewCell */ = {
			isa = PBXGroup;
			children = (
				AE53EB632C58F63000D3D9B2 /* CatagoryTableViewCell.xib */,
				AE53EB622C58F63000D3D9B2 /* CatagoryTableViewCell.swift */,
			);
			path = TableViewCell;
			sourceTree = "<group>";
		};
		AE62569D2C61E29600FAB8D8 /* CollectionViewCell */ = {
			isa = PBXGroup;
			children = (
				AE6727362C639410001F0A39 /* CategoryCollectionViewCell.swift */,
				AE6727372C639410001F0A39 /* CategoryCollectionViewCell.xib */,
			);
			path = CollectionViewCell;
			sourceTree = "<group>";
		};
		AED59DBD2C58B9B4008D0F24 /* ViewController */ = {
			isa = PBXGroup;
			children = (
				AE53EB532C58D16B00D3D9B2 /* cardViewController.swift */,
				AE53EB5A2C58EB3A00D3D9B2 /* foodViewController.swift */,
				AE53EB5C2C58EB4800D3D9B2 /* juiceViewController.swift */,
				AE53EB602C58F5AF00D3D9B2 /* CategoryViewController.swift */,
			);
			path = ViewController;
			sourceTree = "<group>";
		};
/* End PBXGroup section */

/* Begin PBXNativeTarget section */
		AE091B862C58AC4C000989E4 /* codingTask */ = {
			isa = PBXNativeTarget;
			buildConfigurationList = AE091BB42C58AC4D000989E4 /* Build configuration list for PBXNativeTarget "codingTask" */;
			buildPhases = (
				AE091B832C58AC4C000989E4 /* Sources */,
				AE091B842C58AC4C000989E4 /* Frameworks */,
				AE091B852C58AC4C000989E4 /* Resources */,
			);
			buildRules = (
			);
			dependencies = (
			);
			name = codingTask;
			packageProductDependencies = (
				AED59DB42C58B940008D0F24 /* Alamofire */,
				AED59DB62C58B940008D0F24 /* AlamofireDynamic */,
				AED59DB92C58B956008D0F24 /* NVActivityIndicatorView */,
				AED59DBB2C58B956008D0F24 /* NVActivityIndicatorViewExtended */,
				AED59DBF2C58BA81008D0F24 /* LZViewPager */,
				AE53EB472C58C9D500D3D9B2 /* UIView-Shimmer */,
			);
			productName = codingTask;
			productReference = AE091B872C58AC4C000989E4 /* codingTask.app */;
			productType = "com.apple.product-type.application";
		};
		AE091B9F2C58AC4D000989E4 /* codingTaskTests */ = {
			isa = PBXNativeTarget;
			buildConfigurationList = AE091BB72C58AC4D000989E4 /* Build configuration list for PBXNativeTarget "codingTaskTests" */;
			buildPhases = (
				AE091B9C2C58AC4D000989E4 /* Sources */,
				AE091B9D2C58AC4D000989E4 /* Frameworks */,
				AE091B9E2C58AC4D000989E4 /* Resources */,
			);
			buildRules = (
			);
			dependencies = (
				AE091BA22C58AC4D000989E4 /* PBXTargetDependency */,
			);
			name = codingTaskTests;
			productName = codingTaskTests;
			productReference = AE091BA02C58AC4D000989E4 /* codingTaskTests.xctest */;
			productType = "com.apple.product-type.bundle.unit-test";
		};
		AE091BA92C58AC4D000989E4 /* codingTaskUITests */ = {
			isa = PBXNativeTarget;
			buildConfigurationList = AE091BBA2C58AC4D000989E4 /* Build configuration list for PBXNativeTarget "codingTaskUITests" */;
			buildPhases = (
				AE091BA62C58AC4D000989E4 /* Sources */,
				AE091BA72C58AC4D000989E4 /* Frameworks */,
				AE091BA82C58AC4D000989E4 /* Resources */,
			);
			buildRules = (
			);
			dependencies = (
				AE091BAC2C58AC4D000989E4 /* PBXTargetDependency */,
			);
			name = codingTaskUITests;
			productName = codingTaskUITests;
			productReference = AE091BAA2C58AC4D000989E4 /* codingTaskUITests.xctest */;
			productType = "com.apple.product-type.bundle.ui-testing";
		};
/* End PBXNativeTarget section */

/* Begin PBXProject section */
		AE091B7F2C58AC4C000989E4 /* Project object */ = {
			isa = PBXProject;
			attributes = {
				BuildIndependentTargetsInParallel = 1;
				LastSwiftUpdateCheck = 1510;
				LastUpgradeCheck = 1510;
				TargetAttributes = {
					AE091B862C58AC4C000989E4 = {
						CreatedOnToolsVersion = 15.1;
					};
					AE091B9F2C58AC4D000989E4 = {
						CreatedOnToolsVersion = 15.1;
						TestTargetID = AE091B862C58AC4C000989E4;
					};
					AE091BA92C58AC4D000989E4 = {
						CreatedOnToolsVersion = 15.1;
						TestTargetID = AE091B862C58AC4C000989E4;
					};
				};
			};
			buildConfigurationList = AE091B822C58AC4C000989E4 /* Build configuration list for PBXProject "codingTask" */;
			compatibilityVersion = "Xcode 14.0";
			developmentRegion = en;
			hasScannedForEncodings = 0;
			knownRegions = (
				en,
				Base,
			);
			mainGroup = AE091B7E2C58AC4C000989E4;
			packageReferences = (
				AED59DB32C58B940008D0F24 /* XCRemoteSwiftPackageReference "Alamofire" */,
				AED59DB82C58B956008D0F24 /* XCRemoteSwiftPackageReference "NVActivityIndicatorView" */,
				AED59DBE2C58BA81008D0F24 /* XCRemoteSwiftPackageReference "LZViewPager" */,
				AE53EB462C58C9D500D3D9B2 /* XCRemoteSwiftPackageReference "UIView-Shimmer" */,
			);
			productRefGroup = AE091B882C58AC4C000989E4 /* Products */;
			projectDirPath = "";
			projectRoot = "";
			targets = (
				AE091B862C58AC4C000989E4 /* codingTask */,
				AE091B9F2C58AC4D000989E4 /* codingTaskTests */,
				AE091BA92C58AC4D000989E4 /* codingTaskUITests */,
			);
		};
/* End PBXProject section */

/* Begin PBXResourcesBuildPhase section */
		AE091B852C58AC4C000989E4 /* Resources */ = {
			isa = PBXResourcesBuildPhase;
			buildActionMask = 2147483647;
			files = (
				AE091B9A2C58AC4D000989E4 /* LaunchScreen.storyboard in Resources */,
				AE6727392C639410001F0A39 /* CategoryCollectionViewCell.xib in Resources */,
				AE091B922C58AC4C000989E4 /* Main.storyboard in Resources */,
				AE53EB652C58F63000D3D9B2 /* CatagoryTableViewCell.xib in Resources */,
				AEE09BD62C5CF50F00F0EB15 /* Assets.xcassets in Resources */,
			);
			runOnlyForDeploymentPostprocessing = 0;
		};
		AE091B9E2C58AC4D000989E4 /* Resources */ = {
			isa = PBXResourcesBuildPhase;
			buildActionMask = 2147483647;
			files = (
			);
			runOnlyForDeploymentPostprocessing = 0;
		};
		AE091BA82C58AC4D000989E4 /* Resources */ = {
			isa = PBXResourcesBuildPhase;
			buildActionMask = 2147483647;
			files = (
			);
			runOnlyForDeploymentPostprocessing = 0;
		};
/* End PBXResourcesBuildPhase section */

/* Begin PBXSourcesBuildPhase section */
		AE091B832C58AC4C000989E4 /* Sources */ = {
			isa = PBXSourcesBuildPhase;
			buildActionMask = 2147483647;
			files = (
				AE53EB5B2C58EB3A00D3D9B2 /* foodViewController.swift in Sources */,
				AE091BC62C58AD57000989E4 /* MainViewModel.swift in Sources */,
				AE53EB642C58F63000D3D9B2 /* CatagoryTableViewCell.swift in Sources */,
				AE53EB542C58D16B00D3D9B2 /* cardViewController.swift in Sources */,
				AE53EB612C58F5AF00D3D9B2 /* CategoryViewController.swift in Sources */,
				AE091B8B2C58AC4C000989E4 /* AppDelegate.swift in Sources */,
				AE6727382C639410001F0A39 /* CategoryCollectionViewCell.swift in Sources */,
				AE091BC42C58ACF7000989E4 /* MenuModel.swift in Sources */,
				AE53EB5D2C58EB4800D3D9B2 /* juiceViewController.swift in Sources */,
				AE091BC22C58ACE7000989E4 /* Helper.swift in Sources */,
				AE091BC82C58AD65000989E4 /* ServiceFile.swift in Sources */,
				AE091B952C58AC4C000989E4 /* codingTask.xcdatamodeld in Sources */,
				AE091B8D2C58AC4C000989E4 /* SceneDelegate.swift in Sources */,
			);
			runOnlyForDeploymentPostprocessing = 0;
		};
		AE091B9C2C58AC4D000989E4 /* Sources */ = {
			isa = PBXSourcesBuildPhase;
			buildActionMask = 2147483647;
			files = (
				AE091BA52C58AC4D000989E4 /* codingTaskTests.swift in Sources */,
			);
			runOnlyForDeploymentPostprocessing = 0;
		};
		AE091BA62C58AC4D000989E4 /* Sources */ = {
			isa = PBXSourcesBuildPhase;
			buildActionMask = 2147483647;
			files = (
				AE091BAF2C58AC4D000989E4 /* codingTaskUITests.swift in Sources */,
				AE091BB12C58AC4D000989E4 /* codingTaskUITestsLaunchTests.swift in Sources */,
			);
			runOnlyForDeploymentPostprocessing = 0;
		};
/* End PBXSourcesBuildPhase section */

/* Begin PBXTargetDependency section */
		AE091BA22C58AC4D000989E4 /* PBXTargetDependency */ = {
			isa = PBXTargetDependency;
			target = AE091B862C58AC4C000989E4 /* codingTask */;
			targetProxy = AE091BA12C58AC4D000989E4 /* PBXContainerItemProxy */;
		};
		AE091BAC2C58AC4D000989E4 /* PBXTargetDependency */ = {
			isa = PBXTargetDependency;
			target = AE091B862C58AC4C000989E4 /* codingTask */;
			targetProxy = AE091BAB2C58AC4D000989E4 /* PBXContainerItemProxy */;
		};
/* End PBXTargetDependency section */

/* Begin PBXVariantGroup section */
		AE091B902C58AC4C000989E4 /* Main.storyboard */ = {
			isa = PBXVariantGroup;
			children = (
				AE091B912C58AC4C000989E4 /* Base */,
			);
			name = Main.storyboard;
			sourceTree = "<group>";
		};
		AE091B982C58AC4D000989E4 /* LaunchScreen.storyboard */ = {
			isa = PBXVariantGroup;
			children = (
				AE091B992C58AC4D000989E4 /* Base */,
			);
			name = LaunchScreen.storyboard;
			sourceTree = "<group>";
		};
/* End PBXVariantGroup section */

/* Begin XCBuildConfiguration section */
		AE091BB22C58AC4D000989E4 /* Debug */ = {
			isa = XCBuildConfiguration;
			buildSettings = {
				ALWAYS_SEARCH_USER_PATHS = NO;
				ASSETCATALOG_COMPILER_GENERATE_SWIFT_ASSET_SYMBOL_EXTENSIONS = YES;
				CLANG_ANALYZER_NONNULL = YES;
				CLANG_ANALYZER_NUMBER_OBJECT_CONVERSION = YES_AGGRESSIVE;
				CLANG_CXX_LANGUAGE_STANDARD = "gnu++20";
				CLANG_ENABLE_MODULES = YES;
				CLANG_ENABLE_OBJC_ARC = YES;
				CLANG_ENABLE_OBJC_WEAK = YES;
				CLANG_WARN_BLOCK_CAPTURE_AUTORELEASING = YES;
				CLANG_WARN_BOOL_CONVERSION = YES;
				CLANG_WARN_COMMA = YES;
				CLANG_WARN_CONSTANT_CONVERSION = YES;
				CLANG_WARN_DEPRECATED_OBJC_IMPLEMENTATIONS = YES;
				CLANG_WARN_DIRECT_OBJC_ISA_USAGE = YES_ERROR;
				CLANG_WARN_DOCUMENTATION_COMMENTS = YES;
				CLANG_WARN_EMPTY_BODY = YES;
				CLANG_WARN_ENUM_CONVERSION = YES;
				CLANG_WARN_INFINITE_RECURSION = YES;
				CLANG_WARN_INT_CONVERSION = YES;
				CLANG_WARN_NON_LITERAL_NULL_CONVERSION = YES;
				CLANG_WARN_OBJC_IMPLICIT_RETAIN_SELF = YES;
				CLANG_WARN_OBJC_LITERAL_CONVERSION = YES;
				CLANG_WARN_OBJC_ROOT_CLASS = YES_ERROR;
				CLANG_WARN_QUOTED_INCLUDE_IN_FRAMEWORK_HEADER = YES;
				CLANG_WARN_RANGE_LOOP_ANALYSIS = YES;
				CLANG_WARN_STRICT_PROTOTYPES = YES;
				CLANG_WARN_SUSPICIOUS_MOVE = YES;
				CLANG_WARN_UNGUARDED_AVAILABILITY = YES_AGGRESSIVE;
				CLANG_WARN_UNREACHABLE_CODE = YES;
				CLANG_WARN__DUPLICATE_METHOD_MATCH = YES;
				COPY_PHASE_STRIP = NO;
				DEBUG_INFORMATION_FORMAT = dwarf;
				ENABLE_STRICT_OBJC_MSGSEND = YES;
				ENABLE_TESTABILITY = YES;
				ENABLE_USER_SCRIPT_SANDBOXING = YES;
				GCC_C_LANGUAGE_STANDARD = gnu17;
				GCC_DYNAMIC_NO_PIC = NO;
				GCC_NO_COMMON_BLOCKS = YES;
				GCC_OPTIMIZATION_LEVEL = 0;
				GCC_PREPROCESSOR_DEFINITIONS = (
					"DEBUG=1",
					"$(inherited)",
				);
				GCC_WARN_64_TO_32_BIT_CONVERSION = YES;
				GCC_WARN_ABOUT_RETURN_TYPE = YES_ERROR;
				GCC_WARN_UNDECLARED_SELECTOR = YES;
				GCC_WARN_UNINITIALIZED_AUTOS = YES_AGGRESSIVE;
				GCC_WARN_UNUSED_FUNCTION = YES;
				GCC_WARN_UNUSED_VARIABLE = YES;
				IPHONEOS_DEPLOYMENT_TARGET = 17.2;
				LOCALIZATION_PREFERS_STRING_CATALOGS = YES;
				MTL_ENABLE_DEBUG_INFO = INCLUDE_SOURCE;
				MTL_FAST_MATH = YES;
				ONLY_ACTIVE_ARCH = YES;
				SDKROOT = iphoneos;
				SWIFT_ACTIVE_COMPILATION_CONDITIONS = "DEBUG $(inherited)";
				SWIFT_OPTIMIZATION_LEVEL = "-Onone";
			};
			name = Debug;
		};
		AE091BB32C58AC4D000989E4 /* Release */ = {
			isa = XCBuildConfiguration;
			buildSettings = {
				ALWAYS_SEARCH_USER_PATHS = NO;
				ASSETCATALOG_COMPILER_GENERATE_SWIFT_ASSET_SYMBOL_EXTENSIONS = YES;
				CLANG_ANALYZER_NONNULL = YES;
				CLANG_ANALYZER_NUMBER_OBJECT_CONVERSION = YES_AGGRESSIVE;
				CLANG_CXX_LANGUAGE_STANDARD = "gnu++20";
				CLANG_ENABLE_MODULES = YES;
				CLANG_ENABLE_OBJC_ARC = YES;
				CLANG_ENABLE_OBJC_WEAK = YES;
				CLANG_WARN_BLOCK_CAPTURE_AUTORELEASING = YES;
				CLANG_WARN_BOOL_CONVERSION = YES;
				CLANG_WARN_COMMA = YES;
				CLANG_WARN_CONSTANT_CONVERSION = YES;
				CLANG_WARN_DEPRECATED_OBJC_IMPLEMENTATIONS = YES;
				CLANG_WARN_DIRECT_OBJC_ISA_USAGE = YES_ERROR;
				CLANG_WARN_DOCUMENTATION_COMMENTS = YES;
				CLANG_WARN_EMPTY_BODY = YES;
				CLANG_WARN_ENUM_CONVERSION = YES;
				CLANG_WARN_INFINITE_RECURSION = YES;
				CLANG_WARN_INT_CONVERSION = YES;
				CLANG_WARN_NON_LITERAL_NULL_CONVERSION = YES;
				CLANG_WARN_OBJC_IMPLICIT_RETAIN_SELF = YES;
				CLANG_WARN_OBJC_LITERAL_CONVERSION = YES;
				CLANG_WARN_OBJC_ROOT_CLASS = YES_ERROR;
				CLANG_WARN_QUOTED_INCLUDE_IN_FRAMEWORK_HEADER = YES;
				CLANG_WARN_RANGE_LOOP_ANALYSIS = YES;
				CLANG_WARN_STRICT_PROTOTYPES = YES;
				CLANG_WARN_SUSPICIOUS_MOVE = YES;
				CLANG_WARN_UNGUARDED_AVAILABILITY = YES_AGGRESSIVE;
				CLANG_WARN_UNREACHABLE_CODE = YES;
				CLANG_WARN__DUPLICATE_METHOD_MATCH = YES;
				COPY_PHASE_STRIP = NO;
				DEBUG_INFORMATION_FORMAT = "dwarf-with-dsym";
				ENABLE_NS_ASSERTIONS = NO;
				ENABLE_STRICT_OBJC_MSGSEND = YES;
				ENABLE_USER_SCRIPT_SANDBOXING = YES;
				GCC_C_LANGUAGE_STANDARD = gnu17;
				GCC_NO_COMMON_BLOCKS = YES;
				GCC_WARN_64_TO_32_BIT_CONVERSION = YES;
				GCC_WARN_ABOUT_RETURN_TYPE = YES_ERROR;
				GCC_WARN_UNDECLARED_SELECTOR = YES;
				GCC_WARN_UNINITIALIZED_AUTOS = YES_AGGRESSIVE;
				GCC_WARN_UNUSED_FUNCTION = YES;
				GCC_WARN_UNUSED_VARIABLE = YES;
				IPHONEOS_DEPLOYMENT_TARGET = 17.2;
				LOCALIZATION_PREFERS_STRING_CATALOGS = YES;
				MTL_ENABLE_DEBUG_INFO = NO;
				MTL_FAST_MATH = YES;
				SDKROOT = iphoneos;
				SWIFT_COMPILATION_MODE = wholemodule;
				VALIDATE_PRODUCT = YES;
			};
			name = Release;
		};
		AE091BB52C58AC4D000989E4 /* Debug */ = {
			isa = XCBuildConfiguration;
			buildSettings = {
				ASSETCATALOG_COMPILER_APPICON_NAME = AppIcon;
				ASSETCATALOG_COMPILER_GLOBAL_ACCENT_COLOR_NAME = AccentColor;
				CODE_SIGN_STYLE = Automatic;
				CURRENT_PROJECT_VERSION = 1;
				DEVELOPMENT_TEAM = RJZ7P4XP6T;
				GENERATE_INFOPLIST_FILE = YES;
				INFOPLIST_FILE = codingTask/Info.plist;
				INFOPLIST_KEY_UIApplicationSupportsIndirectInputEvents = YES;
				INFOPLIST_KEY_UILaunchStoryboardName = LaunchScreen;
				INFOPLIST_KEY_UIMainStoryboardFile = Main;
				INFOPLIST_KEY_UISupportedInterfaceOrientations_iPad = "UIInterfaceOrientationPortrait UIInterfaceOrientationPortraitUpsideDown UIInterfaceOrientationLandscapeLeft UIInterfaceOrientationLandscapeRight";
				INFOPLIST_KEY_UISupportedInterfaceOrientations_iPhone = "UIInterfaceOrientationPortrait UIInterfaceOrientationLandscapeLeft UIInterfaceOrientationLandscapeRight";
				LD_RUNPATH_SEARCH_PATHS = (
					"$(inherited)",
					"@executable_path/Frameworks",
				);
				MARKETING_VERSION = 1.0;
				PRODUCT_BUNDLE_IDENTIFIER = com.rishan.taskPlanner.codingTask;
				PRODUCT_NAME = "$(TARGET_NAME)";
				SWIFT_EMIT_LOC_STRINGS = YES;
				SWIFT_VERSION = 5.0;
				TARGETED_DEVICE_FAMILY = "1,2";
			};
			name = Debug;
		};
		AE091BB62C58AC4D000989E4 /* Release */ = {
			isa = XCBuildConfiguration;
			buildSettings = {
				ASSETCATALOG_COMPILER_APPICON_NAME = AppIcon;
				ASSETCATALOG_COMPILER_GLOBAL_ACCENT_COLOR_NAME = AccentColor;
				CODE_SIGN_STYLE = Automatic;
				CURRENT_PROJECT_VERSION = 1;
				DEVELOPMENT_TEAM = RJZ7P4XP6T;
				GENERATE_INFOPLIST_FILE = YES;
				INFOPLIST_FILE = codingTask/Info.plist;
				INFOPLIST_KEY_UIApplicationSupportsIndirectInputEvents = YES;
				INFOPLIST_KEY_UILaunchStoryboardName = LaunchScreen;
				INFOPLIST_KEY_UIMainStoryboardFile = Main;
				INFOPLIST_KEY_UISupportedInterfaceOrientations_iPad = "UIInterfaceOrientationPortrait UIInterfaceOrientationPortraitUpsideDown UIInterfaceOrientationLandscapeLeft UIInterfaceOrientationLandscapeRight";
				INFOPLIST_KEY_UISupportedInterfaceOrientations_iPhone = "UIInterfaceOrientationPortrait UIInterfaceOrientationLandscapeLeft UIInterfaceOrientationLandscapeRight";
				LD_RUNPATH_SEARCH_PATHS = (
					"$(inherited)",
					"@executable_path/Frameworks",
				);
				MARKETING_VERSION = 1.0;
				PRODUCT_BUNDLE_IDENTIFIER = com.rishan.taskPlanner.codingTask;
				PRODUCT_NAME = "$(TARGET_NAME)";
				SWIFT_EMIT_LOC_STRINGS = YES;
				SWIFT_VERSION = 5.0;
				TARGETED_DEVICE_FAMILY = "1,2";
			};
			name = Release;
		};
		AE091BB82C58AC4D000989E4 /* Debug */ = {
			isa = XCBuildConfiguration;
			buildSettings = {
				ALWAYS_EMBED_SWIFT_STANDARD_LIBRARIES = YES;
				BUNDLE_LOADER = "$(TEST_HOST)";
				CODE_SIGN_STYLE = Automatic;
				CURRENT_PROJECT_VERSION = 1;
				DEVELOPMENT_TEAM = RJZ7P4XP6T;
				GENERATE_INFOPLIST_FILE = YES;
				IPHONEOS_DEPLOYMENT_TARGET = 17.2;
				MARKETING_VERSION = 1.0;
				PRODUCT_BUNDLE_IDENTIFIER = com.rishan.taskPlanner.codingTaskTests;
				PRODUCT_NAME = "$(TARGET_NAME)";
				SWIFT_EMIT_LOC_STRINGS = NO;
				SWIFT_VERSION = 5.0;
				TARGETED_DEVICE_FAMILY = "1,2";
				TEST_HOST = "$(BUILT_PRODUCTS_DIR)/codingTask.app/$(BUNDLE_EXECUTABLE_FOLDER_PATH)/codingTask";
			};
			name = Debug;
		};
		AE091BB92C58AC4D000989E4 /* Release */ = {
			isa = XCBuildConfiguration;
			buildSettings = {
				ALWAYS_EMBED_SWIFT_STANDARD_LIBRARIES = YES;
				BUNDLE_LOADER = "$(TEST_HOST)";
				CODE_SIGN_STYLE = Automatic;
				CURRENT_PROJECT_VERSION = 1;
				DEVELOPMENT_TEAM = RJZ7P4XP6T;
				GENERATE_INFOPLIST_FILE = YES;
				IPHONEOS_DEPLOYMENT_TARGET = 17.2;
				MARKETING_VERSION = 1.0;
				PRODUCT_BUNDLE_IDENTIFIER = com.rishan.taskPlanner.codingTaskTests;
				PRODUCT_NAME = "$(TARGET_NAME)";
				SWIFT_EMIT_LOC_STRINGS = NO;
				SWIFT_VERSION = 5.0;
				TARGETED_DEVICE_FAMILY = "1,2";
				TEST_HOST = "$(BUILT_PRODUCTS_DIR)/codingTask.app/$(BUNDLE_EXECUTABLE_FOLDER_PATH)/codingTask";
			};
			name = Release;
		};
		AE091BBB2C58AC4D000989E4 /* Debug */ = {
			isa = XCBuildConfiguration;
			buildSettings = {
				ALWAYS_EMBED_SWIFT_STANDARD_LIBRARIES = YES;
				CODE_SIGN_STYLE = Automatic;
				CURRENT_PROJECT_VERSION = 1;
				DEVELOPMENT_TEAM = RJZ7P4XP6T;
				GENERATE_INFOPLIST_FILE = YES;
				MARKETING_VERSION = 1.0;
				PRODUCT_BUNDLE_IDENTIFIER = com.rishan.taskPlanner.codingTaskUITests;
				PRODUCT_NAME = "$(TARGET_NAME)";
				SWIFT_EMIT_LOC_STRINGS = NO;
				SWIFT_VERSION = 5.0;
				TARGETED_DEVICE_FAMILY = "1,2";
				TEST_TARGET_NAME = codingTask;
			};
			name = Debug;
		};
		AE091BBC2C58AC4D000989E4 /* Release */ = {
			isa = XCBuildConfiguration;
			buildSettings = {
				ALWAYS_EMBED_SWIFT_STANDARD_LIBRARIES = YES;
				CODE_SIGN_STYLE = Automatic;
				CURRENT_PROJECT_VERSION = 1;
				DEVELOPMENT_TEAM = RJZ7P4XP6T;
				GENERATE_INFOPLIST_FILE = YES;
				MARKETING_VERSION = 1.0;
				PRODUCT_BUNDLE_IDENTIFIER = com.rishan.taskPlanner.codingTaskUITests;
				PRODUCT_NAME = "$(TARGET_NAME)";
				SWIFT_EMIT_LOC_STRINGS = NO;
				SWIFT_VERSION = 5.0;
				TARGETED_DEVICE_FAMILY = "1,2";
				TEST_TARGET_NAME = codingTask;
			};
			name = Release;
		};
/* End XCBuildConfiguration section */

/* Begin XCConfigurationList section */
		AE091B822C58AC4C000989E4 /* Build configuration list for PBXProject "codingTask" */ = {
			isa = XCConfigurationList;
			buildConfigurations = (
				AE091BB22C58AC4D000989E4 /* Debug */,
				AE091BB32C58AC4D000989E4 /* Release */,
			);
			defaultConfigurationIsVisible = 0;
			defaultConfigurationName = Release;
		};
		AE091BB42C58AC4D000989E4 /* Build configuration list for PBXNativeTarget "codingTask" */ = {
			isa = XCConfigurationList;
			buildConfigurations = (
				AE091BB52C58AC4D000989E4 /* Debug */,
				AE091BB62C58AC4D000989E4 /* Release */,
			);
			defaultConfigurationIsVisible = 0;
			defaultConfigurationName = Release;
		};
		AE091BB72C58AC4D000989E4 /* Build configuration list for PBXNativeTarget "codingTaskTests" */ = {
			isa = XCConfigurationList;
			buildConfigurations = (
				AE091BB82C58AC4D000989E4 /* Debug */,
				AE091BB92C58AC4D000989E4 /* Release */,
			);
			defaultConfigurationIsVisible = 0;
			defaultConfigurationName = Release;
		};
		AE091BBA2C58AC4D000989E4 /* Build configuration list for PBXNativeTarget "codingTaskUITests" */ = {
			isa = XCConfigurationList;
			buildConfigurations = (
				AE091BBB2C58AC4D000989E4 /* Debug */,
				AE091BBC2C58AC4D000989E4 /* Release */,
			);
			defaultConfigurationIsVisible = 0;
			defaultConfigurationName = Release;
		};
/* End XCConfigurationList section */

/* Begin XCRemoteSwiftPackageReference section */
		AE53EB462C58C9D500D3D9B2 /* XCRemoteSwiftPackageReference "UIView-Shimmer" */ = {
			isa = XCRemoteSwiftPackageReference;
			repositoryURL = "https://github.com/omerfarukozturk/UIView-Shimmer.git";
			requirement = {
				kind = upToNextMajorVersion;
				minimumVersion = 1.0.4;
			};
		};
		AED59DB32C58B940008D0F24 /* XCRemoteSwiftPackageReference "Alamofire" */ = {
			isa = XCRemoteSwiftPackageReference;
			repositoryURL = "https://github.com/Alamofire/Alamofire.git";
			requirement = {
				kind = upToNextMajorVersion;
				minimumVersion = 5.9.1;
			};
		};
		AED59DB82C58B956008D0F24 /* XCRemoteSwiftPackageReference "NVActivityIndicatorView" */ = {
			isa = XCRemoteSwiftPackageReference;
			repositoryURL = "https://github.com/ninjaprox/NVActivityIndicatorView.git";
			requirement = {
				kind = upToNextMajorVersion;
				minimumVersion = 5.2.0;
			};
		};
		AED59DBE2C58BA81008D0F24 /* XCRemoteSwiftPackageReference "LZViewPager" */ = {
			isa = XCRemoteSwiftPackageReference;
			repositoryURL = "https://github.com/ladmini/LZViewPager";
			requirement = {
				kind = upToNextMajorVersion;
				minimumVersion = 1.3.2;
			};
		};
/* End XCRemoteSwiftPackageReference section */

/* Begin XCSwiftPackageProductDependency section */
		AE53EB472C58C9D500D3D9B2 /* UIView-Shimmer */ = {
			isa = XCSwiftPackageProductDependency;
			package = AE53EB462C58C9D500D3D9B2 /* XCRemoteSwiftPackageReference "UIView-Shimmer" */;
			productName = "UIView-Shimmer";
		};
		AED59DB42C58B940008D0F24 /* Alamofire */ = {
			isa = XCSwiftPackageProductDependency;
			package = AED59DB32C58B940008D0F24 /* XCRemoteSwiftPackageReference "Alamofire" */;
			productName = Alamofire;
		};
		AED59DB62C58B940008D0F24 /* AlamofireDynamic */ = {
			isa = XCSwiftPackageProductDependency;
			package = AED59DB32C58B940008D0F24 /* XCRemoteSwiftPackageReference "Alamofire" */;
			productName = AlamofireDynamic;
		};
		AED59DB92C58B956008D0F24 /* NVActivityIndicatorView */ = {
			isa = XCSwiftPackageProductDependency;
			package = AED59DB82C58B956008D0F24 /* XCRemoteSwiftPackageReference "NVActivityIndicatorView" */;
			productName = NVActivityIndicatorView;
		};
		AED59DBB2C58B956008D0F24 /* NVActivityIndicatorViewExtended */ = {
			isa = XCSwiftPackageProductDependency;
			package = AED59DB82C58B956008D0F24 /* XCRemoteSwiftPackageReference "NVActivityIndicatorView" */;
			productName = NVActivityIndicatorViewExtended;
		};
		AED59DBF2C58BA81008D0F24 /* LZViewPager */ = {
			isa = XCSwiftPackageProductDependency;
			package = AED59DBE2C58BA81008D0F24 /* XCRemoteSwiftPackageReference "LZViewPager" */;
			productName = LZViewPager;
		};
/* End XCSwiftPackageProductDependency section */

/* Begin XCVersionGroup section */
		AE091B932C58AC4C000989E4 /* codingTask.xcdatamodeld */ = {
			isa = XCVersionGroup;
			children = (
				AE091B942C58AC4C000989E4 /* codingTask.xcdatamodel */,
			);
			currentVersion = AE091B942C58AC4C000989E4 /* codingTask.xcdatamodel */;
			path = codingTask.xcdatamodeld;
			sourceTree = "<group>";
			versionGroupType = wrapper.xcdatamodel;
		};
/* End XCVersionGroup section */
	};
	rootObject = AE091B7F2C58AC4C000989E4 /* Project object */;
}
